
Microsoft Visual Studio Solution File, Format Version 12.00
# Visual Studio Version 16
VisualStudioVersion = 16.0.30225.117
MinimumVisualStudioVersion = 10.0.40219.1
Project("{FAE04EC0-301F-11D3-BF4B-00C04F79EFBC}") = "RemoteTshockConsole", "RemoteTshockConsole\RemoteTshockConsole.csproj", "{3CAF8692-FBD7-4946-A130-60023FBC46D3}"
EndProject
Project("{FAE04EC0-301F-11D3-BF4B-00C04F79EFBC}") = "RTC_Plugin", "TRC_Plugin\RTC_Plugin.csproj", "{B84E701B-75DC-4A4B-8E5F-9B7498F3F47C}"
EndProject
Global
	GlobalSection(SolutionConfigurationPlatforms) = preSolution
		Debug|Any CPU = Debug|Any CPU
		Release|Any CPU = Release|Any CPU
	EndGlobalSection
	GlobalSection(ProjectConfigurationPlatforms) = postSolution
		{3CAF8692-FBD7-4946-A130-60023FBC46D3}.Debug|Any CPU.ActiveCfg = Debug|Any CPU
		{3CAF8692-FBD7-4946-A130-60023FBC46D3}.Debug|Any CPU.Build.0 = Debug|Any CPU
		{3CAF8692-FBD7-4946-A130-60023FBC46D3}.Release|Any CPU.ActiveCfg = Release|Any CPU
		{3CAF8692-FBD7-4946-A130-60023FBC46D3}.Release|Any CPU.Build.0 = Release|Any CPU
		{B84E701B-75DC-4A4B-8E5F-9B7498F3F47C}.Debug|Any CPU.ActiveCfg = Debug|Any CPU
		{B84E701B-75DC-4A4B-8E5F-9B7498F3F47C}.Debug|Any CPU.Build.0 = Debug|Any CPU
		{B84E701B-75DC-4A4B-8E5F-9B7498F3F47C}.Release|Any CPU.ActiveCfg = Release|Any CPU
		{B84E701B-75DC-4A4B-8E5F-9B7498F3F47C}.Release|Any CPU.Build.0 = Release|Any CPU
	EndGlobalSection
	GlobalSection(SolutionProperties) = preSolution
		HideSolutionNode = FALSE
	EndGlobalSection
	GlobalSection(ExtensibilityGlobals) = postSolution
		SolutionGuid = {5AF92E16-7089-4D82-9DFB-EAC96AECE549}
	EndGlobalSection
EndGlobal
